
Microsoft Visual Studio Solution File, Format Version 12.00
# Visual Studio 14
VisualStudioVersion = 14.0.23107.0
MinimumVisualStudioVersion = 10.0.40219.1
Project("{8BC9CEB8-8B4A-11D0-8D11-00A0C91BC942}") = "Factorial", "Factorial\Factorial.vcxproj", "{2C94EDF3-B323-42EA-B00B-8751A3F327FD}"
EndProject
Project("{8BC9CEB8-8B4A-11D0-8D11-00A0C91BC942}") = "SetOperation", "SetOperation\SetOperation.vcxproj", "{E7B82406-00D0-4DBF-B8C1-E610523F8E71}"
EndProject
Project("{8BC9CEB8-8B4A-11D0-8D11-00A0C91BC942}") = "BivariateAnalysis", "BivariateAnalysis\BivariateAnalysis.vcxproj", "{11381F12-D895-49A3-AC49-AD0BBC470798}"
EndProject
Project("{8BC9CEB8-8B4A-11D0-8D11-00A0C91BC942}") = "UniveriateAnalysis_Stem00", "UniverateAnalysis_Stem00\UniverateAnalysis_Stem00.vcxproj", "{0515AD70-EB09-4C72-A976-78D5C095A007}"
EndProject
Project("{8BC9CEB8-8B4A-11D0-8D11-00A0C91BC942}") = "UnivariateAnalysis_Stem01", "UnivariateAnalysis_Stem01\UnivariateAnalysis_Stem01.vcxproj", "{1289641B-C26D-47F9-8C92-C107E3530A35}"
EndProject
Project("{8BC9CEB8-8B4A-11D0-8D11-00A0C91BC942}") = "151103Quiz", "151103Quiz\151103Quiz.vcxproj", "{A6922DE4-B25B-424F-9C9F-1AA26C66AB46}"
EndProject
Project("{8BC9CEB8-8B4A-11D0-8D11-00A0C91BC942}") = "ProbabilityDistributionTable", "ProbabilityDistributionTable\ProbabilityDistributionTable.vcxproj", "{37F17B12-FD4B-4E1E-B262-B76F6AA13A3B}"
EndProject
Project("{8BC9CEB8-8B4A-11D0-8D11-00A0C91BC942}") = "Quiz11", "Quiz11\Quiz11.vcxproj", "{F0051FF3-754B-4F59-99BE-D4B26F770683}"
EndProject
Project("{8BC9CEB8-8B4A-11D0-8D11-00A0C91BC942}") = "Quiz12", "Quiz12\Quiz12.vcxproj", "{72CE2248-F762-43F8-90F2-E5B846F2984E}"
EndProject
Global
	GlobalSection(Performance) = preSolution
		HasPerformanceSessions = true
	EndGlobalSection
	GlobalSection(SolutionConfigurationPlatforms) = preSolution
		Debug|Win32 = Debug|Win32
		Debug|x64 = Debug|x64
		Release|Win32 = Release|Win32
		Release|x64 = Release|x64
	EndGlobalSection
	GlobalSection(ProjectConfigurationPlatforms) = postSolution
		{2C94EDF3-B323-42EA-B00B-8751A3F327FD}.Debug|Win32.ActiveCfg = Debug|Win32
		{2C94EDF3-B323-42EA-B00B-8751A3F327FD}.Debug|Win32.Build.0 = Debug|Win32
		{2C94EDF3-B323-42EA-B00B-8751A3F327FD}.Debug|x64.ActiveCfg = Debug|Win32
		{2C94EDF3-B323-42EA-B00B-8751A3F327FD}.Release|Win32.ActiveCfg = Release|Win32
		{2C94EDF3-B323-42EA-B00B-8751A3F327FD}.Release|Win32.Build.0 = Release|Win32
		{2C94EDF3-B323-42EA-B00B-8751A3F327FD}.Release|x64.ActiveCfg = Release|Win32
		{E7B82406-00D0-4DBF-B8C1-E610523F8E71}.Debug|Win32.ActiveCfg = Debug|Win32
		{E7B82406-00D0-4DBF-B8C1-E610523F8E71}.Debug|Win32.Build.0 = Debug|Win32
		{E7B82406-00D0-4DBF-B8C1-E610523F8E71}.Debug|x64.ActiveCfg = Debug|x64
		{E7B82406-00D0-4DBF-B8C1-E610523F8E71}.Debug|x64.Build.0 = Debug|x64
		{E7B82406-00D0-4DBF-B8C1-E610523F8E71}.Release|Win32.ActiveCfg = Release|Win32
		{E7B82406-00D0-4DBF-B8C1-E610523F8E71}.Release|Win32.Build.0 = Release|Win32
		{E7B82406-00D0-4DBF-B8C1-E610523F8E71}.Release|x64.ActiveCfg = Release|x64
		{E7B82406-00D0-4DBF-B8C1-E610523F8E71}.Release|x64.Build.0 = Release|x64
		{11381F12-D895-49A3-AC49-AD0BBC470798}.Debug|Win32.ActiveCfg = Debug|Win32
		{11381F12-D895-49A3-AC49-AD0BBC470798}.Debug|Win32.Build.0 = Debug|Win32
		{11381F12-D895-49A3-AC49-AD0BBC470798}.Debug|x64.ActiveCfg = Debug|x64
		{11381F12-D895-49A3-AC49-AD0BBC470798}.Debug|x64.Build.0 = Debug|x64
		{11381F12-D895-49A3-AC49-AD0BBC470798}.Release|Win32.ActiveCfg = Release|Win32
		{11381F12-D895-49A3-AC49-AD0BBC470798}.Release|Win32.Build.0 = Release|Win32
		{11381F12-D895-49A3-AC49-AD0BBC470798}.Release|x64.ActiveCfg = Release|x64
		{11381F12-D895-49A3-AC49-AD0BBC470798}.Release|x64.Build.0 = Release|x64
		{0515AD70-EB09-4C72-A976-78D5C095A007}.Debug|Win32.ActiveCfg = Debug|Win32
		{0515AD70-EB09-4C72-A976-78D5C095A007}.Debug|Win32.Build.0 = Debug|Win32
		{0515AD70-EB09-4C72-A976-78D5C095A007}.Debug|x64.ActiveCfg = Debug|x64
		{0515AD70-EB09-4C72-A976-78D5C095A007}.Debug|x64.Build.0 = Debug|x64
		{0515AD70-EB09-4C72-A976-78D5C095A007}.Release|Win32.ActiveCfg = Release|Win32
		{0515AD70-EB09-4C72-A976-78D5C095A007}.Release|Win32.Build.0 = Release|Win32
		{0515AD70-EB09-4C72-A976-78D5C095A007}.Release|x64.ActiveCfg = Release|x64
		{0515AD70-EB09-4C72-A976-78D5C095A007}.Release|x64.Build.0 = Release|x64
		{1289641B-C26D-47F9-8C92-C107E3530A35}.Debug|Win32.ActiveCfg = Debug|Win32
		{1289641B-C26D-47F9-8C92-C107E3530A35}.Debug|Win32.Build.0 = Debug|Win32
		{1289641B-C26D-47F9-8C92-C107E3530A35}.Debug|x64.ActiveCfg = Debug|x64
		{1289641B-C26D-47F9-8C92-C107E3530A35}.Debug|x64.Build.0 = Debug|x64
		{1289641B-C26D-47F9-8C92-C107E3530A35}.Release|Win32.ActiveCfg = Release|Win32
		{1289641B-C26D-47F9-8C92-C107E3530A35}.Release|Win32.Build.0 = Release|Win32
		{1289641B-C26D-47F9-8C92-C107E3530A35}.Release|x64.ActiveCfg = Release|x64
		{1289641B-C26D-47F9-8C92-C107E3530A35}.Release|x64.Build.0 = Release|x64
		{A6922DE4-B25B-424F-9C9F-1AA26C66AB46}.Debug|Win32.ActiveCfg = Debug|Win32
		{A6922DE4-B25B-424F-9C9F-1AA26C66AB46}.Debug|Win32.Build.0 = Debug|Win32
		{A6922DE4-B25B-424F-9C9F-1AA26C66AB46}.Debug|x64.ActiveCfg = Debug|x64
		{A6922DE4-B25B-424F-9C9F-1AA26C66AB46}.Debug|x64.Build.0 = Debug|x64
		{A6922DE4-B25B-424F-9C9F-1AA26C66AB46}.Release|Win32.ActiveCfg = Release|Win32
		{A6922DE4-B25B-424F-9C9F-1AA26C66AB46}.Release|Win32.Build.0 = Release|Win32
		{A6922DE4-B25B-424F-9C9F-1AA26C66AB46}.Release|x64.ActiveCfg = Release|x64
		{A6922DE4-B25B-424F-9C9F-1AA26C66AB46}.Release|x64.Build.0 = Release|x64
		{37F17B12-FD4B-4E1E-B262-B76F6AA13A3B}.Debug|Win32.ActiveCfg = Debug|Win32
		{37F17B12-FD4B-4E1E-B262-B76F6AA13A3B}.Debug|Win32.Build.0 = Debug|Win32
		{37F17B12-FD4B-4E1E-B262-B76F6AA13A3B}.Debug|x64.ActiveCfg = Debug|x64
		{37F17B12-FD4B-4E1E-B262-B76F6AA13A3B}.Debug|x64.Build.0 = Debug|x64
		{37F17B12-FD4B-4E1E-B262-B76F6AA13A3B}.Release|Win32.ActiveCfg = Release|Win32
		{37F17B12-FD4B-4E1E-B262-B76F6AA13A3B}.Release|Win32.Build.0 = Release|Win32
		{37F17B12-FD4B-4E1E-B262-B76F6AA13A3B}.Release|x64.ActiveCfg = Release|x64
		{37F17B12-FD4B-4E1E-B262-B76F6AA13A3B}.Release|x64.Build.0 = Release|x64
		{F0051FF3-754B-4F59-99BE-D4B26F770683}.Debug|Win32.ActiveCfg = Debug|Win32
		{F0051FF3-754B-4F59-99BE-D4B26F770683}.Debug|Win32.Build.0 = Debug|Win32
		{F0051FF3-754B-4F59-99BE-D4B26F770683}.Debug|x64.ActiveCfg = Debug|x64
		{F0051FF3-754B-4F59-99BE-D4B26F770683}.Debug|x64.Build.0 = Debug|x64
		{F0051FF3-754B-4F59-99BE-D4B26F770683}.Release|Win32.ActiveCfg = Release|Win32
		{F0051FF3-754B-4F59-99BE-D4B26F770683}.Release|Win32.Build.0 = Release|Win32
		{F0051FF3-754B-4F59-99BE-D4B26F770683}.Release|x64.ActiveCfg = Release|x64
		{F0051FF3-754B-4F59-99BE-D4B26F770683}.Release|x64.Build.0 = Release|x64
		{72CE2248-F762-43F8-90F2-E5B846F2984E}.Debug|Win32.ActiveCfg = Debug|Win32
		{72CE2248-F762-43F8-90F2-E5B846F2984E}.Debug|Win32.Build.0 = Debug|Win32
		{72CE2248-F762-43F8-90F2-E5B846F2984E}.Debug|x64.ActiveCfg = Debug|x64
		{72CE2248-F762-43F8-90F2-E5B846F2984E}.Debug|x64.Build.0 = Debug|x64
		{72CE2248-F762-43F8-90F2-E5B846F2984E}.Release|Win32.ActiveCfg = Release|Win32
		{72CE2248-F762-43F8-90F2-E5B846F2984E}.Release|Win32.Build.0 = Release|Win32
		{72CE2248-F762-43F8-90F2-E5B846F2984E}.Release|x64.ActiveCfg = Release|x64
		{72CE2248-F762-43F8-90F2-E5B846F2984E}.Release|x64.Build.0 = Release|x64
	EndGlobalSection
	GlobalSection(SolutionProperties) = preSolution
		HideSolutionNode = FALSE
	EndGlobalSection
EndGlobal
